
Microsoft Visual Studio Solution File, Format Version 12.00
# Visual Studio Version 17
VisualStudioVersion = 17.0.31903.59
MinimumVisualStudioVersion = 10.0.40219.1
Project("{2150E333-8FDC-42A3-9474-1A3956D46DE8}") = "src", "src", "{827E0CD3-B72D-47B6-A68D-7590B98EB39B}"
EndProject
Project("{2150E333-8FDC-42A3-9474-1A3956D46DE8}") = "backend", "backend", "{FE360695-3F2B-1049-3887-35FBB5135923}"
EndProject
Project("{2150E333-8FDC-42A3-9474-1A3956D46DE8}") = "Core", "Core", "{FCD5ED78-9E0B-17F0-207A-3AE29A138D49}"
EndProject
Project("{FAE04EC0-301F-11D3-BF4B-00C04F79EFBC}") = "DemoApi.Domain", "src\backend\Core\DemoApi.Domain\DemoApi.Domain.csproj", "{7CF8F953-A5BB-4C16-96AE-5FA0F0E8E869}"
EndProject
Project("{FAE04EC0-301F-11D3-BF4B-00C04F79EFBC}") = "DemoApi.Application", "src\backend\Core\DemoApi.Application\DemoApi.Application.csproj", "{D0FDD58C-BD13-4B29-9158-D03CBC8C4575}"
EndProject
Project("{FAE04EC0-301F-11D3-BF4B-00C04F79EFBC}") = "DemoApi.Infrastructure", "src\backend\Core\DemoApi.Infrastructure\DemoApi.Infrastructure.csproj", "{0E74E175-2D98-48D7-83D4-F42294401422}"
EndProject
Project("{FAE04EC0-301F-11D3-BF4B-00C04F79EFBC}") = "DemoApi.Gateway", "src\backend\DemoApi.Gateway\DemoApi.Gateway.csproj", "{999E16D7-992E-4CBB-81A7-00DB85109591}"
EndProject
Project("{FAE04EC0-301F-11D3-BF4B-00C04F79EFBC}") = "DemoApi.GrpcService", "src\backend\DemoApi.GrpcService\DemoApi.GrpcService.csproj", "{B327C5EA-6B86-4052-86D1-F386C1E4AADD}"
EndProject
Project("{FAE04EC0-301F-11D3-BF4B-00C04F79EFBC}") = "DemoApi.MqttBroker", "src\backend\DemoApi.MqttBroker\DemoApi.MqttBroker.csproj", "{DC191040-B61E-41D7-9E26-BA6E4D0D12FC}"
EndProject
Project("{2150E333-8FDC-42A3-9474-1A3956D46DE8}") = "clients", "clients", "{00B920E4-100F-D869-D8B1-04B3A2ED45DA}"
EndProject
Project("{FAE04EC0-301F-11D3-BF4B-00C04F79EFBC}") = "DemoApi.BlazorClient", "src\clients\DemoApi.BlazorClient\DemoApi.BlazorClient.csproj", "{513424D2-AC96-4295-B390-4D2001F284D2}"
EndProject
Project("{FAE04EC0-301F-11D3-BF4B-00C04F79EFBC}") = "DemoApi.GrpcConsoleClient", "src\clients\DemoApi.GrpcConsoleClient\DemoApi.GrpcConsoleClient.csproj", "{3F3E7AB6-70A8-4F42-A353-CD47979E2E00}"
EndProject
Project("{2150E333-8FDC-42A3-9474-1A3956D46DE8}") = "tests", "tests", "{0AB3BF05-4346-4AA6-1389-037BE0695223}"
EndProject
Project("{FAE04EC0-301F-11D3-BF4B-00C04F79EFBC}") = "DemoApi.Domain.Tests", "tests\DemoApi.Domain.Tests\DemoApi.Domain.Tests.csproj", "{EC60E516-DB3E-4211-B10F-6AF3089EA0D7}"
EndProject
Project("{FAE04EC0-301F-11D3-BF4B-00C04F79EFBC}") = "DemoApi.Application.Tests", "tests\DemoApi.Application.Tests\DemoApi.Application.Tests.csproj", "{3CFBA5A7-25E4-4774-95A9-B22A0776C383}"
EndProject
Project("{FAE04EC0-301F-11D3-BF4B-00C04F79EFBC}") = "DemoApi.Integration.Tests", "tests\DemoApi.Integration.Tests\DemoApi.Integration.Tests.csproj", "{E0AC69DB-5945-42F3-89EE-A6F919C5E1D8}"
EndProject
Global
	GlobalSection(SolutionConfigurationPlatforms) = preSolution
		Debug|Any CPU = Debug|Any CPU
		Debug|x64 = Debug|x64
		Debug|x86 = Debug|x86
		Release|Any CPU = Release|Any CPU
		Release|x64 = Release|x64
		Release|x86 = Release|x86
	EndGlobalSection
	GlobalSection(ProjectConfigurationPlatforms) = postSolution
		{7CF8F953-A5BB-4C16-96AE-5FA0F0E8E869}.Debug|Any CPU.ActiveCfg = Debug|Any CPU
		{7CF8F953-A5BB-4C16-96AE-5FA0F0E8E869}.Debug|Any CPU.Build.0 = Debug|Any CPU
		{7CF8F953-A5BB-4C16-96AE-5FA0F0E8E869}.Debug|x64.ActiveCfg = Debug|Any CPU
		{7CF8F953-A5BB-4C16-96AE-5FA0F0E8E869}.Debug|x64.Build.0 = Debug|Any CPU
		{7CF8F953-A5BB-4C16-96AE-5FA0F0E8E869}.Debug|x86.ActiveCfg = Debug|Any CPU
		{7CF8F953-A5BB-4C16-96AE-5FA0F0E8E869}.Debug|x86.Build.0 = Debug|Any CPU
		{7CF8F953-A5BB-4C16-96AE-5FA0F0E8E869}.Release|Any CPU.ActiveCfg = Release|Any CPU
		{7CF8F953-A5BB-4C16-96AE-5FA0F0E8E869}.Release|Any CPU.Build.0 = Release|Any CPU
		{7CF8F953-A5BB-4C16-96AE-5FA0F0E8E869}.Release|x64.ActiveCfg = Release|Any CPU
		{7CF8F953-A5BB-4C16-96AE-5FA0F0E8E869}.Release|x64.Build.0 = Release|Any CPU
		{7CF8F953-A5BB-4C16-96AE-5FA0F0E8E869}.Release|x86.ActiveCfg = Release|Any CPU
		{7CF8F953-A5BB-4C16-96AE-5FA0F0E8E869}.Release|x86.Build.0 = Release|Any CPU
		{D0FDD58C-BD13-4B29-9158-D03CBC8C4575}.Debug|Any CPU.ActiveCfg = Debug|Any CPU
		{D0FDD58C-BD13-4B29-9158-D03CBC8C4575}.Debug|Any CPU.Build.0 = Debug|Any CPU
		{D0FDD58C-BD13-4B29-9158-D03CBC8C4575}.Debug|x64.ActiveCfg = Debug|Any CPU
		{D0FDD58C-BD13-4B29-9158-D03CBC8C4575}.Debug|x64.Build.0 = Debug|Any CPU
		{D0FDD58C-BD13-4B29-9158-D03CBC8C4575}.Debug|x86.ActiveCfg = Debug|Any CPU
		{D0FDD58C-BD13-4B29-9158-D03CBC8C4575}.Debug|x86.Build.0 = Debug|Any CPU
		{D0FDD58C-BD13-4B29-9158-D03CBC8C4575}.Release|Any CPU.ActiveCfg = Release|Any CPU
		{D0FDD58C-BD13-4B29-9158-D03CBC8C4575}.Release|Any CPU.Build.0 = Release|Any CPU
		{D0FDD58C-BD13-4B29-9158-D03CBC8C4575}.Release|x64.ActiveCfg = Release|Any CPU
		{D0FDD58C-BD13-4B29-9158-D03CBC8C4575}.Release|x64.Build.0 = Release|Any CPU
		{D0FDD58C-BD13-4B29-9158-D03CBC8C4575}.Release|x86.ActiveCfg = Release|Any CPU
		{D0FDD58C-BD13-4B29-9158-D03CBC8C4575}.Release|x86.Build.0 = Release|Any CPU
		{0E74E175-2D98-48D7-83D4-F42294401422}.Debug|Any CPU.ActiveCfg = Debug|Any CPU
		{0E74E175-2D98-48D7-83D4-F42294401422}.Debug|Any CPU.Build.0 = Debug|Any CPU
		{0E74E175-2D98-48D7-83D4-F42294401422}.Debug|x64.ActiveCfg = Debug|Any CPU
		{0E74E175-2D98-48D7-83D4-F42294401422}.Debug|x64.Build.0 = Debug|Any CPU
		{0E74E175-2D98-48D7-83D4-F42294401422}.Debug|x86.ActiveCfg = Debug|Any CPU
		{0E74E175-2D98-48D7-83D4-F42294401422}.Debug|x86.Build.0 = Debug|Any CPU
		{0E74E175-2D98-48D7-83D4-F42294401422}.Release|Any CPU.ActiveCfg = Release|Any CPU
		{0E74E175-2D98-48D7-83D4-F42294401422}.Release|Any CPU.Build.0 = Release|Any CPU
		{0E74E175-2D98-48D7-83D4-F42294401422}.Release|x64.ActiveCfg = Release|Any CPU
		{0E74E175-2D98-48D7-83D4-F42294401422}.Release|x64.Build.0 = Release|Any CPU
		{0E74E175-2D98-48D7-83D4-F42294401422}.Release|x86.ActiveCfg = Release|Any CPU
		{0E74E175-2D98-48D7-83D4-F42294401422}.Release|x86.Build.0 = Release|Any CPU
		{999E16D7-992E-4CBB-81A7-00DB85109591}.Debug|Any CPU.ActiveCfg = Debug|Any CPU
		{999E16D7-992E-4CBB-81A7-00DB85109591}.Debug|Any CPU.Build.0 = Debug|Any CPU
		{999E16D7-992E-4CBB-81A7-00DB85109591}.Debug|x64.ActiveCfg = Debug|Any CPU
		{999E16D7-992E-4CBB-81A7-00DB85109591}.Debug|x64.Build.0 = Debug|Any CPU
		{999E16D7-992E-4CBB-81A7-00DB85109591}.Debug|x86.ActiveCfg = Debug|Any CPU
		{999E16D7-992E-4CBB-81A7-00DB85109591}.Debug|x86.Build.0 = Debug|Any CPU
		{999E16D7-992E-4CBB-81A7-00DB85109591}.Release|Any CPU.ActiveCfg = Release|Any CPU
		{999E16D7-992E-4CBB-81A7-00DB85109591}.Release|Any CPU.Build.0 = Release|Any CPU
		{999E16D7-992E-4CBB-81A7-00DB85109591}.Release|x64.ActiveCfg = Release|Any CPU
		{999E16D7-992E-4CBB-81A7-00DB85109591}.Release|x64.Build.0 = Release|Any CPU
		{999E16D7-992E-4CBB-81A7-00DB85109591}.Release|x86.ActiveCfg = Release|Any CPU
		{999E16D7-992E-4CBB-81A7-00DB85109591}.Release|x86.Build.0 = Release|Any CPU
		{B327C5EA-6B86-4052-86D1-F386C1E4AADD}.Debug|Any CPU.ActiveCfg = Debug|Any CPU
		{B327C5EA-6B86-4052-86D1-F386C1E4AADD}.Debug|Any CPU.Build.0 = Debug|Any CPU
		{B327C5EA-6B86-4052-86D1-F386C1E4AADD}.Debug|x64.ActiveCfg = Debug|Any CPU
		{B327C5EA-6B86-4052-86D1-F386C1E4AADD}.Debug|x64.Build.0 = Debug|Any CPU
		{B327C5EA-6B86-4052-86D1-F386C1E4AADD}.Debug|x86.ActiveCfg = Debug|Any CPU
		{B327C5EA-6B86-4052-86D1-F386C1E4AADD}.Debug|x86.Build.0 = Debug|Any CPU
		{B327C5EA-6B86-4052-86D1-F386C1E4AADD}.Release|Any CPU.ActiveCfg = Release|Any CPU
		{B327C5EA-6B86-4052-86D1-F386C1E4AADD}.Release|Any CPU.Build.0 = Release|Any CPU
		{B327C5EA-6B86-4052-86D1-F386C1E4AADD}.Release|x64.ActiveCfg = Release|Any CPU
		{B327C5EA-6B86-4052-86D1-F386C1E4AADD}.Release|x64.Build.0 = Release|Any CPU
		{B327C5EA-6B86-4052-86D1-F386C1E4AADD}.Release|x86.ActiveCfg = Release|Any CPU
		{B327C5EA-6B86-4052-86D1-F386C1E4AADD}.Release|x86.Build.0 = Release|Any CPU
		{DC191040-B61E-41D7-9E26-BA6E4D0D12FC}.Debug|Any CPU.ActiveCfg = Debug|Any CPU
		{DC191040-B61E-41D7-9E26-BA6E4D0D12FC}.Debug|Any CPU.Build.0 = Debug|Any CPU
		{DC191040-B61E-41D7-9E26-BA6E4D0D12FC}.Debug|x64.ActiveCfg = Debug|Any CPU
		{DC191040-B61E-41D7-9E26-BA6E4D0D12FC}.Debug|x64.Build.0 = Debug|Any CPU
		{DC191040-B61E-41D7-9E26-BA6E4D0D12FC}.Debug|x86.ActiveCfg = Debug|Any CPU
		{DC191040-B61E-41D7-9E26-BA6E4D0D12FC}.Debug|x86.Build.0 = Debug|Any CPU
		{DC191040-B61E-41D7-9E26-BA6E4D0D12FC}.Release|Any CPU.ActiveCfg = Release|Any CPU
		{DC191040-B61E-41D7-9E26-BA6E4D0D12FC}.Release|Any CPU.Build.0 = Release|Any CPU
		{DC191040-B61E-41D7-9E26-BA6E4D0D12FC}.Release|x64.ActiveCfg = Release|Any CPU
		{DC191040-B61E-41D7-9E26-BA6E4D0D12FC}.Release|x64.Build.0 = Release|Any CPU
		{DC191040-B61E-41D7-9E26-BA6E4D0D12FC}.Release|x86.ActiveCfg = Release|Any CPU
		{DC191040-B61E-41D7-9E26-BA6E4D0D12FC}.Release|x86.Build.0 = Release|Any CPU
		{513424D2-AC96-4295-B390-4D2001F284D2}.Debug|Any CPU.ActiveCfg = Debug|Any CPU
		{513424D2-AC96-4295-B390-4D2001F284D2}.Debug|Any CPU.Build.0 = Debug|Any CPU
		{513424D2-AC96-4295-B390-4D2001F284D2}.Debug|x64.ActiveCfg = Debug|Any CPU
		{513424D2-AC96-4295-B390-4D2001F284D2}.Debug|x64.Build.0 = Debug|Any CPU
		{513424D2-AC96-4295-B390-4D2001F284D2}.Debug|x86.ActiveCfg = Debug|Any CPU
		{513424D2-AC96-4295-B390-4D2001F284D2}.Debug|x86.Build.0 = Debug|Any CPU
		{513424D2-AC96-4295-B390-4D2001F284D2}.Release|Any CPU.ActiveCfg = Release|Any CPU
		{513424D2-AC96-4295-B390-4D2001F284D2}.Release|Any CPU.Build.0 = Release|Any CPU
		{513424D2-AC96-4295-B390-4D2001F284D2}.Release|x64.ActiveCfg = Release|Any CPU
		{513424D2-AC96-4295-B390-4D2001F284D2}.Release|x64.Build.0 = Release|Any CPU
		{513424D2-AC96-4295-B390-4D2001F284D2}.Release|x86.ActiveCfg = Release|Any CPU
		{513424D2-AC96-4295-B390-4D2001F284D2}.Release|x86.Build.0 = Release|Any CPU
		{3F3E7AB6-70A8-4F42-A353-CD47979E2E00}.Debug|Any CPU.ActiveCfg = Debug|Any CPU
		{3F3E7AB6-70A8-4F42-A353-CD47979E2E00}.Debug|Any CPU.Build.0 = Debug|Any CPU
		{3F3E7AB6-70A8-4F42-A353-CD47979E2E00}.Debug|x64.ActiveCfg = Debug|Any CPU
		{3F3E7AB6-70A8-4F42-A353-CD47979E2E00}.Debug|x64.Build.0 = Debug|Any CPU
		{3F3E7AB6-70A8-4F42-A353-CD47979E2E00}.Debug|x86.ActiveCfg = Debug|Any CPU
		{3F3E7AB6-70A8-4F42-A353-CD47979E2E00}.Debug|x86.Build.0 = Debug|Any CPU
		{3F3E7AB6-70A8-4F42-A353-CD47979E2E00}.Release|Any CPU.ActiveCfg = Release|Any CPU
		{3F3E7AB6-70A8-4F42-A353-CD47979E2E00}.Release|Any CPU.Build.0 = Release|Any CPU
		{3F3E7AB6-70A8-4F42-A353-CD47979E2E00}.Release|x64.ActiveCfg = Release|Any CPU
		{3F3E7AB6-70A8-4F42-A353-CD47979E2E00}.Release|x64.Build.0 = Release|Any CPU
		{3F3E7AB6-70A8-4F42-A353-CD47979E2E00}.Release|x86.ActiveCfg = Release|Any CPU
		{3F3E7AB6-70A8-4F42-A353-CD47979E2E00}.Release|x86.Build.0 = Release|Any CPU
		{EC60E516-DB3E-4211-B10F-6AF3089EA0D7}.Debug|Any CPU.ActiveCfg = Debug|Any CPU
		{EC60E516-DB3E-4211-B10F-6AF3089EA0D7}.Debug|Any CPU.Build.0 = Debug|Any CPU
		{EC60E516-DB3E-4211-B10F-6AF3089EA0D7}.Debug|x64.ActiveCfg = Debug|Any CPU
		{EC60E516-DB3E-4211-B10F-6AF3089EA0D7}.Debug|x64.Build.0 = Debug|Any CPU
		{EC60E516-DB3E-4211-B10F-6AF3089EA0D7}.Debug|x86.ActiveCfg = Debug|Any CPU
		{EC60E516-DB3E-4211-B10F-6AF3089EA0D7}.Debug|x86.Build.0 = Debug|Any CPU
		{EC60E516-DB3E-4211-B10F-6AF3089EA0D7}.Release|Any CPU.ActiveCfg = Release|Any CPU
		{EC60E516-DB3E-4211-B10F-6AF3089EA0D7}.Release|Any CPU.Build.0 = Release|Any CPU
		{EC60E516-DB3E-4211-B10F-6AF3089EA0D7}.Release|x64.ActiveCfg = Release|Any CPU
		{EC60E516-DB3E-4211-B10F-6AF3089EA0D7}.Release|x64.Build.0 = Release|Any CPU
		{EC60E516-DB3E-4211-B10F-6AF3089EA0D7}.Release|x86.ActiveCfg = Release|Any CPU
		{EC60E516-DB3E-4211-B10F-6AF3089EA0D7}.Release|x86.Build.0 = Release|Any CPU
		{3CFBA5A7-25E4-4774-95A9-B22A0776C383}.Debug|Any CPU.ActiveCfg = Debug|Any CPU
		{3CFBA5A7-25E4-4774-95A9-B22A0776C383}.Debug|Any CPU.Build.0 = Debug|Any CPU
		{3CFBA5A7-25E4-4774-95A9-B22A0776C383}.Debug|x64.ActiveCfg = Debug|Any CPU
		{3CFBA5A7-25E4-4774-95A9-B22A0776C383}.Debug|x64.Build.0 = Debug|Any CPU
		{3CFBA5A7-25E4-4774-95A9-B22A0776C383}.Debug|x86.ActiveCfg = Debug|Any CPU
		{3CFBA5A7-25E4-4774-95A9-B22A0776C383}.Debug|x86.Build.0 = Debug|Any CPU
		{3CFBA5A7-25E4-4774-95A9-B22A0776C383}.Release|Any CPU.ActiveCfg = Release|Any CPU
		{3CFBA5A7-25E4-4774-95A9-B22A0776C383}.Release|Any CPU.Build.0 = Release|Any CPU
		{3CFBA5A7-25E4-4774-95A9-B22A0776C383}.Release|x64.ActiveCfg = Release|Any CPU
		{3CFBA5A7-25E4-4774-95A9-B22A0776C383}.Release|x64.Build.0 = Release|Any CPU
		{3CFBA5A7-25E4-4774-95A9-B22A0776C383}.Release|x86.ActiveCfg = Release|Any CPU
		{3CFBA5A7-25E4-4774-95A9-B22A0776C383}.Release|x86.Build.0 = Release|Any CPU
		{E0AC69DB-5945-42F3-89EE-A6F919C5E1D8}.Debug|Any CPU.ActiveCfg = Debug|Any CPU
		{E0AC69DB-5945-42F3-89EE-A6F919C5E1D8}.Debug|Any CPU.Build.0 = Debug|Any CPU
		{E0AC69DB-5945-42F3-89EE-A6F919C5E1D8}.Debug|x64.ActiveCfg = Debug|Any CPU
		{E0AC69DB-5945-42F3-89EE-A6F919C5E1D8}.Debug|x64.Build.0 = Debug|Any CPU
		{E0AC69DB-5945-42F3-89EE-A6F919C5E1D8}.Debug|x86.ActiveCfg = Debug|Any CPU
		{E0AC69DB-5945-42F3-89EE-A6F919C5E1D8}.Debug|x86.Build.0 = Debug|Any CPU
		{E0AC69DB-5945-42F3-89EE-A6F919C5E1D8}.Release|Any CPU.ActiveCfg = Release|Any CPU
		{E0AC69DB-5945-42F3-89EE-A6F919C5E1D8}.Release|Any CPU.Build.0 = Release|Any CPU
		{E0AC69DB-5945-42F3-89EE-A6F919C5E1D8}.Release|x64.ActiveCfg = Release|Any CPU
		{E0AC69DB-5945-42F3-89EE-A6F919C5E1D8}.Release|x64.Build.0 = Release|Any CPU
		{E0AC69DB-5945-42F3-89EE-A6F919C5E1D8}.Release|x86.ActiveCfg = Release|Any CPU
		{E0AC69DB-5945-42F3-89EE-A6F919C5E1D8}.Release|x86.Build.0 = Release|Any CPU
	EndGlobalSection
	GlobalSection(SolutionProperties) = preSolution
		HideSolutionNode = FALSE
	EndGlobalSection
	GlobalSection(NestedProjects) = preSolution
		{FE360695-3F2B-1049-3887-35FBB5135923} = {827E0CD3-B72D-47B6-A68D-7590B98EB39B}
		{FCD5ED78-9E0B-17F0-207A-3AE29A138D49} = {FE360695-3F2B-1049-3887-35FBB5135923}
		{7CF8F953-A5BB-4C16-96AE-5FA0F0E8E869} = {FCD5ED78-9E0B-17F0-207A-3AE29A138D49}
		{D0FDD58C-BD13-4B29-9158-D03CBC8C4575} = {FCD5ED78-9E0B-17F0-207A-3AE29A138D49}
		{0E74E175-2D98-48D7-83D4-F42294401422} = {FCD5ED78-9E0B-17F0-207A-3AE29A138D49}
		{999E16D7-992E-4CBB-81A7-00DB85109591} = {FE360695-3F2B-1049-3887-35FBB5135923}
		{B327C5EA-6B86-4052-86D1-F386C1E4AADD} = {FE360695-3F2B-1049-3887-35FBB5135923}
		{DC191040-B61E-41D7-9E26-BA6E4D0D12FC} = {FE360695-3F2B-1049-3887-35FBB5135923}
		{00B920E4-100F-D869-D8B1-04B3A2ED45DA} = {827E0CD3-B72D-47B6-A68D-7590B98EB39B}
		{513424D2-AC96-4295-B390-4D2001F284D2} = {00B920E4-100F-D869-D8B1-04B3A2ED45DA}
		{3F3E7AB6-70A8-4F42-A353-CD47979E2E00} = {00B920E4-100F-D869-D8B1-04B3A2ED45DA}
		{EC60E516-DB3E-4211-B10F-6AF3089EA0D7} = {0AB3BF05-4346-4AA6-1389-037BE0695223}
		{3CFBA5A7-25E4-4774-95A9-B22A0776C383} = {0AB3BF05-4346-4AA6-1389-037BE0695223}
		{E0AC69DB-5945-42F3-89EE-A6F919C5E1D8} = {0AB3BF05-4346-4AA6-1389-037BE0695223}
	EndGlobalSection
EndGlobal
